Microsoft Visual Studio Solution File, Format Version 11.00
# Visual Studio 2008

Project("{F4BD4EE3-689C-F42E-D201-C0FDB8694E56}") = "StickyBalls", "Assembly-CSharp-firstpass.csproj", "{D9940220-01B0-F6CD-72D4-7478DFA0462E}"
EndProject
Project("{F4BD4EE3-689C-F42E-D201-C0FDB8694E56}") = "StickyBalls", "Assembly-CSharp.csproj", "{F5A0901F-6565-DE9B-C79F-7CF493503FA5}"
EndProject
Project("{F4BD4EE3-689C-F42E-D201-C0FDB8694E56}") = "StickyBalls", "Assembly-UnityScript-firstpass.unityproj", "{326DA01D-1E4B-EC6B-009C-2E2CB5517122}"
EndProject
Project("{F4BD4EE3-689C-F42E-D201-C0FDB8694E56}") = "StickyBalls", "Assembly-UnityScript.unityproj", "{D14D141E-82DD-AC58-E450-F0697B2700E8}"
EndProject
Global
	GlobalSection(SolutionConfigurationPlatforms) = preSolution
		Debug|Any CPU = Debug|Any CPU
		Release|Any CPU = Release|Any CPU
	EndGlobalSection
	GlobalSection(ProjectConfigurationPlatforms) = postSolution
		{D9940220-01B0-F6CD-72D4-7478DFA0462E}.Debug|Any CPU.ActiveCfg = Debug|Any CPU
		{D9940220-01B0-F6CD-72D4-7478DFA0462E}.Debug|Any CPU.Build.0 = Debug|Any CPU
		{D9940220-01B0-F6CD-72D4-7478DFA0462E}.Release|Any CPU.ActiveCfg = Release|Any CPU
		{D9940220-01B0-F6CD-72D4-7478DFA0462E}.Release|Any CPU.Build.0 = Release|Any CPU
		{F5A0901F-6565-DE9B-C79F-7CF493503FA5}.Debug|Any CPU.ActiveCfg = Debug|Any CPU
		{F5A0901F-6565-DE9B-C79F-7CF493503FA5}.Debug|Any CPU.Build.0 = Debug|Any CPU
		{F5A0901F-6565-DE9B-C79F-7CF493503FA5}.Release|Any CPU.ActiveCfg = Release|Any CPU
		{F5A0901F-6565-DE9B-C79F-7CF493503FA5}.Release|Any CPU.Build.0 = Release|Any CPU
		{326DA01D-1E4B-EC6B-009C-2E2CB5517122}.Debug|Any CPU.ActiveCfg = Debug|Any CPU
		{326DA01D-1E4B-EC6B-009C-2E2CB5517122}.Debug|Any CPU.Build.0 = Debug|Any CPU
		{326DA01D-1E4B-EC6B-009C-2E2CB5517122}.Release|Any CPU.ActiveCfg = Release|Any CPU
		{326DA01D-1E4B-EC6B-009C-2E2CB5517122}.Release|Any CPU.Build.0 = Release|Any CPU
		{D14D141E-82DD-AC58-E450-F0697B2700E8}.Debug|Any CPU.ActiveCfg = Debug|Any CPU
		{D14D141E-82DD-AC58-E450-F0697B2700E8}.Debug|Any CPU.Build.0 = Debug|Any CPU
		{D14D141E-82DD-AC58-E450-F0697B2700E8}.Release|Any CPU.ActiveCfg = Release|Any CPU
		{D14D141E-82DD-AC58-E450-F0697B2700E8}.Release|Any CPU.Build.0 = Release|Any CPU
	EndGlobalSection
	GlobalSection(SolutionProperties) = preSolution
		HideSolutionNode = FALSE
	EndGlobalSection
																															GlobalSection(MonoDevelopProperties) = preSolution
		StartupItem = Assembly-CSharp.csproj
		Policies = $0
		$0.TextStylePolicy = $1
		$1.inheritsSet = null
		$1.scope = text/x-csharp
		$0.CSharpFormattingPolicy = $2
		$2.inheritsSet = Mono
		$2.inheritsScope = text/x-csharp
		$2.scope = text/x-csharp
		$0.TextStylePolicy = $3
		$3.FileWidth = 120
		$3.TabWidth = 4
		$3.EolMarker = Unix
		$3.inheritsSet = Mono
		$3.inheritsScope = text/plain
		$3.scope = text/plain
	EndGlobalSection

EndGlobal
